
Microsoft Visual Studio Solution File, Format Version 12.00
# Visual Studio Version 17
VisualStudioVersion = 17.14.36109.1
MinimumVisualStudioVersion = 10.0.40219.1
Project("{FAE04EC0-301F-11D3-BF4B-00C04F79EFBC}") = "DTOs", "DTOs\DTOs.csproj", "{FBFCE012-BA43-44A5-BFFA-A075A1B4B371}"
EndProject
Project("{2150E333-8FDC-42A3-9474-1A3956D46DE8}") = "0_DTOs", "0_DTOs", "{02EA681E-C7D8-13C7-8484-4AC65E1B71E8}"
EndProject
Project("{2150E333-8FDC-42A3-9474-1A3956D46DE8}") = "1_DataAcces", "1_DataAcces", "{144B232E-0067-4DD7-8A87-DC3DC91C8DB0}"
EndProject
Project("{FAE04EC0-301F-11D3-BF4B-00C04F79EFBC}") = "DataAccess", "DataAccess\DataAccess.csproj", "{6C061FBB-98B4-4D7E-92F2-91DD1A9CD845}"
EndProject
Project("{2150E333-8FDC-42A3-9474-1A3956D46DE8}") = "2_CoresApp", "2_CoresApp", "{021BEFD6-81AF-4767-A8A5-61C2507D3C0F}"
EndProject
Project("{FAE04EC0-301F-11D3-BF4B-00C04F79EFBC}") = "CoreApp", "CoreApp\CoreApp.csproj", "{526888D3-E0C4-4F3A-84CF-AD9E0C073D33}"
EndProject
Project("{2150E333-8FDC-42A3-9474-1A3956D46DE8}") = "3_Exeptions", "3_Exeptions", "{05FC0787-C693-490B-8E2F-F1CA93CE6207}"
EndProject
Project("{FAE04EC0-301F-11D3-BF4B-00C04F79EFBC}") = "ExeptionManager", "ExeptionManager\ExeptionManager.csproj", "{90A04038-7D9D-43F0-B763-70DB632ED8AE}"
EndProject
Project("{2150E333-8FDC-42A3-9474-1A3956D46DE8}") = "4_WebApi", "4_WebApi", "{08F6BE01-8E27-4B69-860D-5F5FAC6F9417}"
EndProject
Project("{FAE04EC0-301F-11D3-BF4B-00C04F79EFBC}") = "WebAPI", "WebAPI\WebAPI.csproj", "{921E3F3C-0505-4417-8083-4B93CC6DE917}"
EndProject
Project("{2150E333-8FDC-42A3-9474-1A3956D46DE8}") = "5_WebApp", "5_WebApp", "{3F704CE4-0749-487E-9711-C51DB87ED890}"
EndProject
Project("{FAE04EC0-301F-11D3-BF4B-00C04F79EFBC}") = "WebApp", "WebApp\WebApp.csproj", "{A5D69762-3087-464E-8B9A-53BC58B64675}"
EndProject
Project("{2150E333-8FDC-42A3-9474-1A3956D46DE8}") = "99_Test", "99_Test", "{BE093645-38D3-451B-A69E-6C023615E84E}"
EndProject
Project("{FAE04EC0-301F-11D3-BF4B-00C04F79EFBC}") = "DevTester", "DevTester\DevTester.csproj", "{906EC2CD-DB96-4CFE-A8A6-94C22175D0EB}"
EndProject
Project("{2150E333-8FDC-42A3-9474-1A3956D46DE8}") = "DAtabase Scripts", "DAtabase Scripts", "{CF9CAF9C-AD72-4585-9CEB-25F890C0EC8D}"
	ProjectSection(SolutionItems) = preProject
		RET_ALL_MOVIES_PR.sql = RET_ALL_MOVIES_PR.sql
		RET_MOVIE_BY_ID_PR.sql = RET_MOVIE_BY_ID_PR.sql
		RET_MOVIE_BY_TITLE_PR.sql = RET_MOVIE_BY_TITLE_PR.sql
		RET_USER_BY_EMAIL_PR.sql = RET_USER_BY_EMAIL_PR.sql
		SP_CreateMovie.sql = SP_CreateMovie.sql
		SP_CreateUser.sql = SP_CreateUser.sql
		SP_DEL_USER_PR.sql = SP_DEL_USER_PR.sql
		SP_RET_ALL_USERS.sql = SP_RET_ALL_USERS.sql
		SP_RET_USER_BY_CODE_PR.sql = SP_RET_USER_BY_CODE_PR.sql
		SP_RET_USER_BY_ID_PR.sql = SP_RET_USER_BY_ID_PR.sql
		TBL_Movie.sql = TBL_Movie.sql
		TBL_User.sql = TBL_User.sql
	EndProjectSection
EndProject
Global
	GlobalSection(SolutionConfigurationPlatforms) = preSolution
		Debug|Any CPU = Debug|Any CPU
		Release|Any CPU = Release|Any CPU
	EndGlobalSection
	GlobalSection(ProjectConfigurationPlatforms) = postSolution
		{FBFCE012-BA43-44A5-BFFA-A075A1B4B371}.Debug|Any CPU.ActiveCfg = Debug|Any CPU
		{FBFCE012-BA43-44A5-BFFA-A075A1B4B371}.Debug|Any CPU.Build.0 = Debug|Any CPU
		{FBFCE012-BA43-44A5-BFFA-A075A1B4B371}.Release|Any CPU.ActiveCfg = Release|Any CPU
		{FBFCE012-BA43-44A5-BFFA-A075A1B4B371}.Release|Any CPU.Build.0 = Release|Any CPU
		{6C061FBB-98B4-4D7E-92F2-91DD1A9CD845}.Debug|Any CPU.ActiveCfg = Debug|Any CPU
		{6C061FBB-98B4-4D7E-92F2-91DD1A9CD845}.Debug|Any CPU.Build.0 = Debug|Any CPU
		{6C061FBB-98B4-4D7E-92F2-91DD1A9CD845}.Release|Any CPU.ActiveCfg = Release|Any CPU
		{6C061FBB-98B4-4D7E-92F2-91DD1A9CD845}.Release|Any CPU.Build.0 = Release|Any CPU
		{526888D3-E0C4-4F3A-84CF-AD9E0C073D33}.Debug|Any CPU.ActiveCfg = Debug|Any CPU
		{526888D3-E0C4-4F3A-84CF-AD9E0C073D33}.Debug|Any CPU.Build.0 = Debug|Any CPU
		{526888D3-E0C4-4F3A-84CF-AD9E0C073D33}.Release|Any CPU.ActiveCfg = Release|Any CPU
		{526888D3-E0C4-4F3A-84CF-AD9E0C073D33}.Release|Any CPU.Build.0 = Release|Any CPU
		{90A04038-7D9D-43F0-B763-70DB632ED8AE}.Debug|Any CPU.ActiveCfg = Debug|Any CPU
		{90A04038-7D9D-43F0-B763-70DB632ED8AE}.Debug|Any CPU.Build.0 = Debug|Any CPU
		{90A04038-7D9D-43F0-B763-70DB632ED8AE}.Release|Any CPU.ActiveCfg = Release|Any CPU
		{90A04038-7D9D-43F0-B763-70DB632ED8AE}.Release|Any CPU.Build.0 = Release|Any CPU
		{921E3F3C-0505-4417-8083-4B93CC6DE917}.Debug|Any CPU.ActiveCfg = Debug|Any CPU
		{921E3F3C-0505-4417-8083-4B93CC6DE917}.Debug|Any CPU.Build.0 = Debug|Any CPU
		{921E3F3C-0505-4417-8083-4B93CC6DE917}.Release|Any CPU.ActiveCfg = Release|Any CPU
		{921E3F3C-0505-4417-8083-4B93CC6DE917}.Release|Any CPU.Build.0 = Release|Any CPU
		{A5D69762-3087-464E-8B9A-53BC58B64675}.Debug|Any CPU.ActiveCfg = Debug|Any CPU
		{A5D69762-3087-464E-8B9A-53BC58B64675}.Debug|Any CPU.Build.0 = Debug|Any CPU
		{A5D69762-3087-464E-8B9A-53BC58B64675}.Release|Any CPU.ActiveCfg = Release|Any CPU
		{A5D69762-3087-464E-8B9A-53BC58B64675}.Release|Any CPU.Build.0 = Release|Any CPU
		{906EC2CD-DB96-4CFE-A8A6-94C22175D0EB}.Debug|Any CPU.ActiveCfg = Debug|Any CPU
		{906EC2CD-DB96-4CFE-A8A6-94C22175D0EB}.Debug|Any CPU.Build.0 = Debug|Any CPU
		{906EC2CD-DB96-4CFE-A8A6-94C22175D0EB}.Release|Any CPU.ActiveCfg = Release|Any CPU
		{906EC2CD-DB96-4CFE-A8A6-94C22175D0EB}.Release|Any CPU.Build.0 = Release|Any CPU
	EndGlobalSection
	GlobalSection(SolutionProperties) = preSolution
		HideSolutionNode = FALSE
	EndGlobalSection
	GlobalSection(NestedProjects) = preSolution
		{FBFCE012-BA43-44A5-BFFA-A075A1B4B371} = {02EA681E-C7D8-13C7-8484-4AC65E1B71E8}
		{6C061FBB-98B4-4D7E-92F2-91DD1A9CD845} = {144B232E-0067-4DD7-8A87-DC3DC91C8DB0}
		{526888D3-E0C4-4F3A-84CF-AD9E0C073D33} = {021BEFD6-81AF-4767-A8A5-61C2507D3C0F}
		{90A04038-7D9D-43F0-B763-70DB632ED8AE} = {05FC0787-C693-490B-8E2F-F1CA93CE6207}
		{921E3F3C-0505-4417-8083-4B93CC6DE917} = {08F6BE01-8E27-4B69-860D-5F5FAC6F9417}
		{A5D69762-3087-464E-8B9A-53BC58B64675} = {3F704CE4-0749-487E-9711-C51DB87ED890}
		{906EC2CD-DB96-4CFE-A8A6-94C22175D0EB} = {BE093645-38D3-451B-A69E-6C023615E84E}
		{CF9CAF9C-AD72-4585-9CEB-25F890C0EC8D} = {144B232E-0067-4DD7-8A87-DC3DC91C8DB0}
	EndGlobalSection
	GlobalSection(ExtensibilityGlobals) = postSolution
		SolutionGuid = {1C6804DB-18E2-4BD5-B3A7-4DA452B6F133}
	EndGlobalSection
EndGlobal
